
Microsoft Visual Studio Solution File, Format Version 12.00
# Visual Studio 15
VisualStudioVersion = 15.0.28307.1831
MinimumVisualStudioVersion = 10.0.40219.1
Project("{FAE04EC0-301F-11D3-BF4B-00C04F79EFBC}") = "Variables", "CSharpCourse\Variables.csproj", "{8EC2EC77-CD76-484D-8558-1BDAA29D5AAB}"
EndProject
Project("{FAE04EC0-301F-11D3-BF4B-00C04F79EFBC}") = "DataTypes", "DataTypes\DataTypes.csproj", "{C279D287-4060-4030-B064-351BC74A7EAE}"
EndProject
Project("{FAE04EC0-301F-11D3-BF4B-00C04F79EFBC}") = "Func", "Func\Func.csproj", "{5BEABAD4-6755-4586-A910-A625E34EBF2F}"
EndProject
Project("{9A19103F-16F7-4668-BE54-9A1E7A4F7556}") = "IfSentence", "IfSentence\IfSentence.csproj", "{63F3EA53-8B17-480B-AA7C-6D11827EF46D}"
EndProject
Project("{9A19103F-16F7-4668-BE54-9A1E7A4F7556}") = "SwitchSentence", "Switch sentence\SwitchSentence.csproj", "{899CA739-8EBC-4C9F-AE6F-0B182D344443}"
EndProject
Project("{9A19103F-16F7-4668-BE54-9A1E7A4F7556}") = "Arrays", "Arrays\Arrays.csproj", "{CA41725B-DC1A-47BB-B6EC-DB315301A56C}"
EndProject
Project("{9A19103F-16F7-4668-BE54-9A1E7A4F7556}") = "WhileDoWhileSentence", "WhileDoWhileSentence\WhileDoWhileSentence.csproj", "{AFD63CED-BA53-4557-AAEF-944D2791350C}"
EndProject
Project("{9A19103F-16F7-4668-BE54-9A1E7A4F7556}") = "ForSentence", "ForSentence\ForSentence.csproj", "{06FDDE52-A498-4255-8655-36C153001A98}"
EndProject
Project("{FAE04EC0-301F-11D3-BF4B-00C04F79EFBC}") = "ClassesObjects", "ClassesObjects\ClassesObjects.csproj", "{472B093D-4FC7-4717-AFCF-E468FFBE62BB}"
EndProject
Project("{FAE04EC0-301F-11D3-BF4B-00C04F79EFBC}") = "Properties", "Properties\Properties.csproj", "{D43B3BF2-21B9-4C0A-91DA-D6E1C01C1ECF}"
EndProject
Project("{FAE04EC0-301F-11D3-BF4B-00C04F79EFBC}") = "Hierarchy", "Hierarchy\Hierarchy.csproj", "{AFC695BC-3F12-4851-BC11-67A0CB8F18DE}"
EndProject
Global
	GlobalSection(SolutionConfigurationPlatforms) = preSolution
		Debug|Any CPU = Debug|Any CPU
		Release|Any CPU = Release|Any CPU
	EndGlobalSection
	GlobalSection(ProjectConfigurationPlatforms) = postSolution
		{8EC2EC77-CD76-484D-8558-1BDAA29D5AAB}.Debug|Any CPU.ActiveCfg = Debug|Any CPU
		{8EC2EC77-CD76-484D-8558-1BDAA29D5AAB}.Debug|Any CPU.Build.0 = Debug|Any CPU
		{8EC2EC77-CD76-484D-8558-1BDAA29D5AAB}.Release|Any CPU.ActiveCfg = Release|Any CPU
		{8EC2EC77-CD76-484D-8558-1BDAA29D5AAB}.Release|Any CPU.Build.0 = Release|Any CPU
		{C279D287-4060-4030-B064-351BC74A7EAE}.Debug|Any CPU.ActiveCfg = Debug|Any CPU
		{C279D287-4060-4030-B064-351BC74A7EAE}.Debug|Any CPU.Build.0 = Debug|Any CPU
		{C279D287-4060-4030-B064-351BC74A7EAE}.Release|Any CPU.ActiveCfg = Release|Any CPU
		{C279D287-4060-4030-B064-351BC74A7EAE}.Release|Any CPU.Build.0 = Release|Any CPU
		{5BEABAD4-6755-4586-A910-A625E34EBF2F}.Debug|Any CPU.ActiveCfg = Debug|Any CPU
		{5BEABAD4-6755-4586-A910-A625E34EBF2F}.Debug|Any CPU.Build.0 = Debug|Any CPU
		{5BEABAD4-6755-4586-A910-A625E34EBF2F}.Release|Any CPU.ActiveCfg = Release|Any CPU
		{5BEABAD4-6755-4586-A910-A625E34EBF2F}.Release|Any CPU.Build.0 = Release|Any CPU
		{63F3EA53-8B17-480B-AA7C-6D11827EF46D}.Debug|Any CPU.ActiveCfg = Debug|Any CPU
		{63F3EA53-8B17-480B-AA7C-6D11827EF46D}.Debug|Any CPU.Build.0 = Debug|Any CPU
		{63F3EA53-8B17-480B-AA7C-6D11827EF46D}.Release|Any CPU.ActiveCfg = Release|Any CPU
		{63F3EA53-8B17-480B-AA7C-6D11827EF46D}.Release|Any CPU.Build.0 = Release|Any CPU
		{899CA739-8EBC-4C9F-AE6F-0B182D344443}.Debug|Any CPU.ActiveCfg = Debug|Any CPU
		{899CA739-8EBC-4C9F-AE6F-0B182D344443}.Debug|Any CPU.Build.0 = Debug|Any CPU
		{899CA739-8EBC-4C9F-AE6F-0B182D344443}.Release|Any CPU.ActiveCfg = Release|Any CPU
		{899CA739-8EBC-4C9F-AE6F-0B182D344443}.Release|Any CPU.Build.0 = Release|Any CPU
		{CA41725B-DC1A-47BB-B6EC-DB315301A56C}.Debug|Any CPU.ActiveCfg = Debug|Any CPU
		{CA41725B-DC1A-47BB-B6EC-DB315301A56C}.Debug|Any CPU.Build.0 = Debug|Any CPU
		{CA41725B-DC1A-47BB-B6EC-DB315301A56C}.Release|Any CPU.ActiveCfg = Release|Any CPU
		{CA41725B-DC1A-47BB-B6EC-DB315301A56C}.Release|Any CPU.Build.0 = Release|Any CPU
		{AFD63CED-BA53-4557-AAEF-944D2791350C}.Debug|Any CPU.ActiveCfg = Debug|Any CPU
		{AFD63CED-BA53-4557-AAEF-944D2791350C}.Debug|Any CPU.Build.0 = Debug|Any CPU
		{AFD63CED-BA53-4557-AAEF-944D2791350C}.Release|Any CPU.ActiveCfg = Release|Any CPU
		{AFD63CED-BA53-4557-AAEF-944D2791350C}.Release|Any CPU.Build.0 = Release|Any CPU
		{06FDDE52-A498-4255-8655-36C153001A98}.Debug|Any CPU.ActiveCfg = Debug|Any CPU
		{06FDDE52-A498-4255-8655-36C153001A98}.Debug|Any CPU.Build.0 = Debug|Any CPU
		{06FDDE52-A498-4255-8655-36C153001A98}.Release|Any CPU.ActiveCfg = Release|Any CPU
		{06FDDE52-A498-4255-8655-36C153001A98}.Release|Any CPU.Build.0 = Release|Any CPU
		{472B093D-4FC7-4717-AFCF-E468FFBE62BB}.Debug|Any CPU.ActiveCfg = Debug|Any CPU
		{472B093D-4FC7-4717-AFCF-E468FFBE62BB}.Debug|Any CPU.Build.0 = Debug|Any CPU
		{472B093D-4FC7-4717-AFCF-E468FFBE62BB}.Release|Any CPU.ActiveCfg = Release|Any CPU
		{472B093D-4FC7-4717-AFCF-E468FFBE62BB}.Release|Any CPU.Build.0 = Release|Any CPU
		{D43B3BF2-21B9-4C0A-91DA-D6E1C01C1ECF}.Debug|Any CPU.ActiveCfg = Debug|Any CPU
		{D43B3BF2-21B9-4C0A-91DA-D6E1C01C1ECF}.Debug|Any CPU.Build.0 = Debug|Any CPU
		{D43B3BF2-21B9-4C0A-91DA-D6E1C01C1ECF}.Release|Any CPU.ActiveCfg = Release|Any CPU
		{D43B3BF2-21B9-4C0A-91DA-D6E1C01C1ECF}.Release|Any CPU.Build.0 = Release|Any CPU
		{AFC695BC-3F12-4851-BC11-67A0CB8F18DE}.Debug|Any CPU.ActiveCfg = Debug|Any CPU
		{AFC695BC-3F12-4851-BC11-67A0CB8F18DE}.Debug|Any CPU.Build.0 = Debug|Any CPU
		{AFC695BC-3F12-4851-BC11-67A0CB8F18DE}.Release|Any CPU.ActiveCfg = Release|Any CPU
		{AFC695BC-3F12-4851-BC11-67A0CB8F18DE}.Release|Any CPU.Build.0 = Release|Any CPU
	EndGlobalSection
	GlobalSection(SolutionProperties) = preSolution
		HideSolutionNode = FALSE
	EndGlobalSection
	GlobalSection(ExtensibilityGlobals) = postSolution
		SolutionGuid = {50B99C43-66AF-47D9-A888-B4F9B13B1F85}
	EndGlobalSection
EndGlobal
